// !$*UTF8*$!
{
	archiveVersion = 1;
	classes = {
	};
	objectVersion = 50;
	objects = {

/* Begin PBXBuildFile section */
		21090CC72936ADE40031988D /* AppFlowCoordinator.swift in Sources */ = {isa = PBXBuildFile; fileRef = 21090CC62936ADE40031988D /* AppFlowCoordinator.swift */; };
		21090CC92936AF470031988D /* CoordinatorType.swift in Sources */ = {isa = PBXBuildFile; fileRef = 21090CC82936AF470031988D /* CoordinatorType.swift */; };
		210F85382925969800B0EDB1 /* PostListRepository.swift in Sources */ = {isa = PBXBuildFile; fileRef = 210F85372925969800B0EDB1 /* PostListRepository.swift */; };
		210F853B2925970200B0EDB1 /* PostsResponseStorageType.swift in Sources */ = {isa = PBXBuildFile; fileRef = 210F853A2925970200B0EDB1 /* PostsResponseStorageType.swift */; };
		210F853E2925985200B0EDB1 /* CoreDataStorage.swift in Sources */ = {isa = PBXBuildFile; fileRef = 210F853D2925985200B0EDB1 /* CoreDataStorage.swift */; };
		210F8542292598EE00B0EDB1 /* DataTransferService.swift in Sources */ = {isa = PBXBuildFile; fileRef = 210F8541292598EE00B0EDB1 /* DataTransferService.swift */; };
		210F85442925991600B0EDB1 /* NetworkService.swift in Sources */ = {isa = PBXBuildFile; fileRef = 210F85432925991600B0EDB1 /* NetworkService.swift */; };
		210F85462925994000B0EDB1 /* Endpoint.swift in Sources */ = {isa = PBXBuildFile; fileRef = 210F85452925994000B0EDB1 /* Endpoint.swift */; };
		210F8548292599D600B0EDB1 /* NetworkConfig.swift in Sources */ = {isa = PBXBuildFile; fileRef = 210F8547292599D600B0EDB1 /* NetworkConfig.swift */; };
		210F854B2925AC4500B0EDB1 /* CoreDataStorage.xcdatamodeld in Sources */ = {isa = PBXBuildFile; fileRef = 210F85492925AC4500B0EDB1 /* CoreDataStorage.xcdatamodeld */; };
		210F8554292675B800B0EDB1 /* PostListViewModel.swift in Sources */ = {isa = PBXBuildFile; fileRef = 210F8553292675B800B0EDB1 /* PostListViewModel.swift */; };
		211E0A26293903C800D56D4E /* LocalString.swift in Sources */ = {isa = PBXBuildFile; fileRef = 211E0A25293903C800D56D4E /* LocalString.swift */; };
		211E0A292939057B00D56D4E /* Localizable.strings in Resources */ = {isa = PBXBuildFile; fileRef = 211E0A2B2939057B00D56D4E /* Localizable.strings */; };
		211E0A2D2939076500D56D4E /* CommonString.swift in Sources */ = {isa = PBXBuildFile; fileRef = 211E0A2C2939076500D56D4E /* CommonString.swift */; };
		211E0A2F29390D3C00D56D4E /* NetworkServiceTests.swift in Sources */ = {isa = PBXBuildFile; fileRef = 211E0A2E29390D3C00D56D4E /* NetworkServiceTests.swift */; };
		211E0A3129390FF200D56D4E /* CommentResponseDTO.swift in Sources */ = {isa = PBXBuildFile; fileRef = 211E0A3029390FF200D56D4E /* CommentResponseDTO.swift */; };
		211E0A33293911AF00D56D4E /* PostResponseDTO.swift in Sources */ = {isa = PBXBuildFile; fileRef = 211E0A32293911AF00D56D4E /* PostResponseDTO.swift */; };
		215865AE2926B9DE000FBDD8 /* PostListContentView.swift in Sources */ = {isa = PBXBuildFile; fileRef = 215865AD2926B9DE000FBDD8 /* PostListContentView.swift */; };
		215865B02926CA05000FBDD8 /* PostListItemView.swift in Sources */ = {isa = PBXBuildFile; fileRef = 215865AF2926CA05000FBDD8 /* PostListItemView.swift */; };
		215865B32926CF00000FBDD8 /* PostDetailContentView.swift in Sources */ = {isa = PBXBuildFile; fileRef = 215865B22926CF00000FBDD8 /* PostDetailContentView.swift */; };
		215865B82926DC00000FBDD8 /* ShowPostsUseCase.swift in Sources */ = {isa = PBXBuildFile; fileRef = 215865B72926DC00000FBDD8 /* ShowPostsUseCase.swift */; };
		215865BB2926E266000FBDD8 /* AppConfiguration.swift in Sources */ = {isa = PBXBuildFile; fileRef = 215865BA2926E266000FBDD8 /* AppConfiguration.swift */; };
		215865BE2926E3FC000FBDD8 /* AppDIContainer.swift in Sources */ = {isa = PBXBuildFile; fileRef = 215865BD2926E3FC000FBDD8 /* AppDIContainer.swift */; };
		215865C02926E4F2000FBDD8 /* PostSceneDIContainer.swift in Sources */ = {isa = PBXBuildFile; fileRef = 215865BF2926E4F2000FBDD8 /* PostSceneDIContainer.swift */; };
		215865C22926F2B1000FBDD8 /* APIEndpoints.swift in Sources */ = {isa = PBXBuildFile; fileRef = 215865C12926F2B1000FBDD8 /* APIEndpoints.swift */; };
		215865CA2926F532000FBDD8 /* CancellableType.swift in Sources */ = {isa = PBXBuildFile; fileRef = 215865C92926F531000FBDD8 /* CancellableType.swift */; };
		215865CD2926F571000FBDD8 /* RepositoryTask.swift in Sources */ = {isa = PBXBuildFile; fileRef = 215865CC2926F571000FBDD8 /* RepositoryTask.swift */; };
		215865D029270A5A000FBDD8 /* PostDetailViewModel.swift in Sources */ = {isa = PBXBuildFile; fileRef = 215865CF29270A5A000FBDD8 /* PostDetailViewModel.swift */; };
		215865D229270BD1000FBDD8 /* ShowPostDetailUseCase.swift in Sources */ = {isa = PBXBuildFile; fileRef = 215865D129270BD1000FBDD8 /* ShowPostDetailUseCase.swift */; };
		215865D429270D66000FBDD8 /* PostDetailRepository.swift in Sources */ = {isa = PBXBuildFile; fileRef = 215865D329270D66000FBDD8 /* PostDetailRepository.swift */; };
		215865D729270DD1000FBDD8 /* PostDetailRepositoryType.swift in Sources */ = {isa = PBXBuildFile; fileRef = 215865D629270DD1000FBDD8 /* PostDetailRepositoryType.swift */; };
		215865D929270DF5000FBDD8 /* PostListRepositoryType.swift in Sources */ = {isa = PBXBuildFile; fileRef = 215865D829270DF5000FBDD8 /* PostListRepositoryType.swift */; };
		215865E129272236000FBDD8 /* PostCommentContentView.swift in Sources */ = {isa = PBXBuildFile; fileRef = 215865E029272236000FBDD8 /* PostCommentContentView.swift */; };
		215865E42927276D000FBDD8 /* PostCommentViewModel.swift in Sources */ = {isa = PBXBuildFile; fileRef = 215865E32927276D000FBDD8 /* PostCommentViewModel.swift */; };
		215865E6292728B0000FBDD8 /* Comment.swift in Sources */ = {isa = PBXBuildFile; fileRef = 215865E5292728B0000FBDD8 /* Comment.swift */; };
		215865E829272900000FBDD8 /* ShowPostCommentUseCase.swift in Sources */ = {isa = PBXBuildFile; fileRef = 215865E729272900000FBDD8 /* ShowPostCommentUseCase.swift */; };
		215865EA29272965000FBDD8 /* PostCommentRepository.swift in Sources */ = {isa = PBXBuildFile; fileRef = 215865E929272965000FBDD8 /* PostCommentRepository.swift */; };
		215865EC29272990000FBDD8 /* PostCommentRepositoryType.swift in Sources */ = {isa = PBXBuildFile; fileRef = 215865EB29272990000FBDD8 /* PostCommentRepositoryType.swift */; };
		215865EE29272CA1000FBDD8 /* PostItemViewModel.swift in Sources */ = {isa = PBXBuildFile; fileRef = 215865ED29272CA1000FBDD8 /* PostItemViewModel.swift */; };
		215865F029273407000FBDD8 /* CoreDataPostsResponseStorage.swift in Sources */ = {isa = PBXBuildFile; fileRef = 215865EF29273406000FBDD8 /* CoreDataPostsResponseStorage.swift */; };
		215865F32927364D000FBDD8 /* PostsRequest.swift in Sources */ = {isa = PBXBuildFile; fileRef = 215865F22927364D000FBDD8 /* PostsRequest.swift */; };
		215865F629273977000FBDD8 /* PostsResponseEntity+Mapping.swift in Sources */ = {isa = PBXBuildFile; fileRef = 215865F529273977000FBDD8 /* PostsResponseEntity+Mapping.swift */; };
		215865FB2927C55F000FBDD8 /* SavedPostListViewModel.swift in Sources */ = {isa = PBXBuildFile; fileRef = 215865FA2927C55F000FBDD8 /* SavedPostListViewModel.swift */; };
		215865FD2927C5BF000FBDD8 /* ShowSavedPostsUseCase.swift in Sources */ = {isa = PBXBuildFile; fileRef = 215865FC2927C5BF000FBDD8 /* ShowSavedPostsUseCase.swift */; };
		215865FF2927C822000FBDD8 /* SavedPostListRepositoryType.swift in Sources */ = {isa = PBXBuildFile; fileRef = 215865FE2927C822000FBDD8 /* SavedPostListRepositoryType.swift */; };
		215866012927C902000FBDD8 /* SavedPostListRepository.swift in Sources */ = {isa = PBXBuildFile; fileRef = 215866002927C902000FBDD8 /* SavedPostListRepository.swift */; };
		215866042927CB0B000FBDD8 /* SavedPostsResponseStorage.swift in Sources */ = {isa = PBXBuildFile; fileRef = 215866032927CB0B000FBDD8 /* SavedPostsResponseStorage.swift */; };
		215866062927CB66000FBDD8 /* CoreDataSavedPostsResponseStorage.swift in Sources */ = {isa = PBXBuildFile; fileRef = 215866052927CB66000FBDD8 /* CoreDataSavedPostsResponseStorage.swift */; };
		215866082927E255000FBDD8 /* SavedPostDetailViewModel.swift in Sources */ = {isa = PBXBuildFile; fileRef = 215866072927E255000FBDD8 /* SavedPostDetailViewModel.swift */; };
		2195C104293A517300A1E95A /* ErrorType.swift in Sources */ = {isa = PBXBuildFile; fileRef = 2195C103293A517300A1E95A /* ErrorType.swift */; };
		2195C10A293EA04600A1E95A /* ShowPostsUseCaseTests.swift in Sources */ = {isa = PBXBuildFile; fileRef = 2195C109293EA04600A1E95A /* ShowPostsUseCaseTests.swift */; };
		2195C10C293EA1AE00A1E95A /* CancellableMock.swift in Sources */ = {isa = PBXBuildFile; fileRef = 2195C10B293EA1AE00A1E95A /* CancellableMock.swift */; };
		2195C10F293EA25000A1E95A /* ShowPostsUseCaseFailedMock.swift in Sources */ = {isa = PBXBuildFile; fileRef = 2195C10E293EA25000A1E95A /* ShowPostsUseCaseFailedMock.swift */; };
		2195C112293EA40800A1E95A /* Fixture.swift in Sources */ = {isa = PBXBuildFile; fileRef = 2195C111293EA40800A1E95A /* Fixture.swift */; };
		219DF04A292AEDA700A7864F /* NetworkService.swift in Sources */ = {isa = PBXBuildFile; fileRef = 210F85432925991600B0EDB1 /* NetworkService.swift */; };
		219DF04B292AEDEE00A7864F /* DataTransferService.swift in Sources */ = {isa = PBXBuildFile; fileRef = 210F8541292598EE00B0EDB1 /* DataTransferService.swift */; };
		219DF04C292AEE8900A7864F /* Endpoint.swift in Sources */ = {isa = PBXBuildFile; fileRef = 210F85452925994000B0EDB1 /* Endpoint.swift */; };
		219DF04E292AF5F500A7864F /* NetworkSessionManagerMock.swift in Sources */ = {isa = PBXBuildFile; fileRef = 219DF04D292AF5F500A7864F /* NetworkSessionManagerMock.swift */; };
		21C67347292D118900279C28 /* PostListViewModelTests.swift in Sources */ = {isa = PBXBuildFile; fileRef = 21C67346292D118900279C28 /* PostListViewModelTests.swift */; };
		21D75A6829379B29008FD6BB /* SavedPostSceneDIContainer.swift in Sources */ = {isa = PBXBuildFile; fileRef = 21D75A6729379B29008FD6BB /* SavedPostSceneDIContainer.swift */; };
		21D75A6B2937A406008FD6BB /* PostCoordinator.swift in Sources */ = {isa = PBXBuildFile; fileRef = 21D75A6A2937A406008FD6BB /* PostCoordinator.swift */; };
		21D75A6F2937AD58008FD6BB /* SavedPostCoordinator.swift in Sources */ = {isa = PBXBuildFile; fileRef = 21D75A6E2937AD58008FD6BB /* SavedPostCoordinator.swift */; };
		21F31BF3292AE3AD0044600E /* DataTransferServiceTests.swift in Sources */ = {isa = PBXBuildFile; fileRef = 21F31BF2292AE3AD0044600E /* DataTransferServiceTests.swift */; };
		21F31BF8292AE4750044600E /* NetworkConfigurableMock.swift in Sources */ = {isa = PBXBuildFile; fileRef = 21F31BF7292AE4750044600E /* NetworkConfigurableMock.swift */; };
		21F31BF9292AE4EC0044600E /* NetworkConfig.swift in Sources */ = {isa = PBXBuildFile; fileRef = 210F8547292599D600B0EDB1 /* NetworkConfig.swift */; };
		21FEA433293FDF8800C010A0 /* TechTestUITests.swift in Sources */ = {isa = PBXBuildFile; fileRef = 21FEA432293FDF8800C010A0 /* TechTestUITests.swift */; };
		2DBA14523B0FC3A3D13330EE /* Post.swift in Sources */ = {isa = PBXBuildFile; fileRef = 2DBA1E2729C46B346322DC92 /* Post.swift */; };
		FA166B8525ED248300A85D66 /* AppDelegate.swift in Sources */ = {isa = PBXBuildFile; fileRef = FA166B8425ED248300A85D66 /* AppDelegate.swift */; };
		FA166B8E25ED248300A85D66 /* Assets.xcassets in Resources */ = {isa = PBXBuildFile; fileRef = FA166B8D25ED248300A85D66 /* Assets.xcassets */; };
		FA166B9125ED248300A85D66 /* LaunchScreen.storyboard in Resources */ = {isa = PBXBuildFile; fileRef = FA166B8F25ED248300A85D66 /* LaunchScreen.storyboard */; };
/* End PBXBuildFile section */

/* Begin PBXContainerItemProxy section */
		21FEA436293FDF8800C010A0 /* PBXContainerItemProxy */ = {
			isa = PBXContainerItemProxy;
			containerPortal = FA166B7925ED248300A85D66 /* Project object */;
			proxyType = 1;
			remoteGlobalIDString = FA166B8025ED248300A85D66;
			remoteInfo = TechTest;
		};
		FA166B9825ED248400A85D66 /* PBXContainerItemProxy */ = {
			isa = PBXContainerItemProxy;
			containerPortal = FA166B7925ED248300A85D66 /* Project object */;
			proxyType = 1;
			remoteGlobalIDString = FA166B8025ED248300A85D66;
			remoteInfo = TechTest;
		};
/* End PBXContainerItemProxy section */

/* Begin PBXFileReference section */
		21090CC62936ADE40031988D /* AppFlowCoordinator.swift */ = {isa = PBXFileReference; lastKnownFileType = sourcecode.swift; path = AppFlowCoordinator.swift; sourceTree = "<group>"; };
		21090CC82936AF470031988D /* CoordinatorType.swift */ = {isa = PBXFileReference; lastKnownFileType = sourcecode.swift; path = CoordinatorType.swift; sourceTree = "<group>"; };
		210F85372925969800B0EDB1 /* PostListRepository.swift */ = {isa = PBXFileReference; lastKnownFileType = sourcecode.swift; path = PostListRepository.swift; sourceTree = "<group>"; };
		210F853A2925970200B0EDB1 /* PostsResponseStorageType.swift */ = {isa = PBXFileReference; lastKnownFileType = sourcecode.swift; path = PostsResponseStorageType.swift; sourceTree = "<group>"; };
		210F853D2925985200B0EDB1 /* CoreDataStorage.swift */ = {isa = PBXFileReference; lastKnownFileType = sourcecode.swift; path = CoreDataStorage.swift; sourceTree = "<group>"; };
		210F8541292598EE00B0EDB1 /* DataTransferService.swift */ = {isa = PBXFileReference; lastKnownFileType = sourcecode.swift; path = DataTransferService.swift; sourceTree = "<group>"; };
		210F85432925991600B0EDB1 /* NetworkService.swift */ = {isa = PBXFileReference; lastKnownFileType = sourcecode.swift; path = NetworkService.swift; sourceTree = "<group>"; };
		210F85452925994000B0EDB1 /* Endpoint.swift */ = {isa = PBXFileReference; lastKnownFileType = sourcecode.swift; path = Endpoint.swift; sourceTree = "<group>"; };
		210F8547292599D600B0EDB1 /* NetworkConfig.swift */ = {isa = PBXFileReference; lastKnownFileType = sourcecode.swift; path = NetworkConfig.swift; sourceTree = "<group>"; };
		210F854A2925AC4500B0EDB1 /* CoreDataStorage.xcdatamodel */ = {isa = PBXFileReference; lastKnownFileType = wrapper.xcdatamodel; path = CoreDataStorage.xcdatamodel; sourceTree = "<group>"; };
		210F8553292675B800B0EDB1 /* PostListViewModel.swift */ = {isa = PBXFileReference; lastKnownFileType = sourcecode.swift; path = PostListViewModel.swift; sourceTree = "<group>"; };
		211E0A25293903C800D56D4E /* LocalString.swift */ = {isa = PBXFileReference; lastKnownFileType = sourcecode.swift; path = LocalString.swift; sourceTree = "<group>"; };
		211E0A2A2939057B00D56D4E /* en */ = {isa = PBXFileReference; lastKnownFileType = text.plist.strings; name = en; path = en.lproj/Localizable.strings; sourceTree = "<group>"; };
		211E0A2C2939076500D56D4E /* CommonString.swift */ = {isa = PBXFileReference; lastKnownFileType = sourcecode.swift; path = CommonString.swift; sourceTree = "<group>"; };
		211E0A2E29390D3C00D56D4E /* NetworkServiceTests.swift */ = {isa = PBXFileReference; lastKnownFileType = sourcecode.swift; path = NetworkServiceTests.swift; sourceTree = "<group>"; };
		211E0A3029390FF200D56D4E /* CommentResponseDTO.swift */ = {isa = PBXFileReference; lastKnownFileType = sourcecode.swift; path = CommentResponseDTO.swift; sourceTree = "<group>"; };
		211E0A32293911AF00D56D4E /* PostResponseDTO.swift */ = {isa = PBXFileReference; lastKnownFileType = sourcecode.swift; path = PostResponseDTO.swift; sourceTree = "<group>"; };
		215865AD2926B9DE000FBDD8 /* PostListContentView.swift */ = {isa = PBXFileReference; lastKnownFileType = sourcecode.swift; path = PostListContentView.swift; sourceTree = "<group>"; };
		215865AF2926CA05000FBDD8 /* PostListItemView.swift */ = {isa = PBXFileReference; lastKnownFileType = sourcecode.swift; path = PostListItemView.swift; sourceTree = "<group>"; };
		215865B22926CF00000FBDD8 /* PostDetailContentView.swift */ = {isa = PBXFileReference; lastKnownFileType = sourcecode.swift; path = PostDetailContentView.swift; sourceTree = "<group>"; };
		215865B72926DC00000FBDD8 /* ShowPostsUseCase.swift */ = {isa = PBXFileReference; lastKnownFileType = sourcecode.swift; path = ShowPostsUseCase.swift; sourceTree = "<group>"; };
		215865BA2926E266000FBDD8 /* AppConfiguration.swift */ = {isa = PBXFileReference; lastKnownFileType = sourcecode.swift; path = AppConfiguration.swift; sourceTree = "<group>"; };
		215865BD2926E3FC000FBDD8 /* AppDIContainer.swift */ = {isa = PBXFileReference; lastKnownFileType = sourcecode.swift; path = AppDIContainer.swift; sourceTree = "<group>"; };
		215865BF2926E4F2000FBDD8 /* PostSceneDIContainer.swift */ = {isa = PBXFileReference; lastKnownFileType = sourcecode.swift; path = PostSceneDIContainer.swift; sourceTree = "<group>"; };
		215865C12926F2B1000FBDD8 /* APIEndpoints.swift */ = {isa = PBXFileReference; lastKnownFileType = sourcecode.swift; path = APIEndpoints.swift; sourceTree = "<group>"; };
		215865C92926F531000FBDD8 /* CancellableType.swift */ = {isa = PBXFileReference; lastKnownFileType = sourcecode.swift; path = CancellableType.swift; sourceTree = "<group>"; };
		215865CC2926F571000FBDD8 /* RepositoryTask.swift */ = {isa = PBXFileReference; lastKnownFileType = sourcecode.swift; path = RepositoryTask.swift; sourceTree = "<group>"; };
		215865CF29270A5A000FBDD8 /* PostDetailViewModel.swift */ = {isa = PBXFileReference; lastKnownFileType = sourcecode.swift; path = PostDetailViewModel.swift; sourceTree = "<group>"; };
		215865D129270BD1000FBDD8 /* ShowPostDetailUseCase.swift */ = {isa = PBXFileReference; lastKnownFileType = sourcecode.swift; path = ShowPostDetailUseCase.swift; sourceTree = "<group>"; };
		215865D329270D66000FBDD8 /* PostDetailRepository.swift */ = {isa = PBXFileReference; lastKnownFileType = sourcecode.swift; path = PostDetailRepository.swift; sourceTree = "<group>"; };
		215865D629270DD1000FBDD8 /* PostDetailRepositoryType.swift */ = {isa = PBXFileReference; lastKnownFileType = sourcecode.swift; path = PostDetailRepositoryType.swift; sourceTree = "<group>"; };
		215865D829270DF5000FBDD8 /* PostListRepositoryType.swift */ = {isa = PBXFileReference; lastKnownFileType = sourcecode.swift; path = PostListRepositoryType.swift; sourceTree = "<group>"; };
		215865E029272236000FBDD8 /* PostCommentContentView.swift */ = {isa = PBXFileReference; lastKnownFileType = sourcecode.swift; path = PostCommentContentView.swift; sourceTree = "<group>"; };
		215865E32927276D000FBDD8 /* PostCommentViewModel.swift */ = {isa = PBXFileReference; lastKnownFileType = sourcecode.swift; path = PostCommentViewModel.swift; sourceTree = "<group>"; };
		215865E5292728B0000FBDD8 /* Comment.swift */ = {isa = PBXFileReference; lastKnownFileType = sourcecode.swift; path = Comment.swift; sourceTree = "<group>"; };
		215865E729272900000FBDD8 /* ShowPostCommentUseCase.swift */ = {isa = PBXFileReference; lastKnownFileType = sourcecode.swift; path = ShowPostCommentUseCase.swift; sourceTree = "<group>"; };
		215865E929272965000FBDD8 /* PostCommentRepository.swift */ = {isa = PBXFileReference; lastKnownFileType = sourcecode.swift; path = PostCommentRepository.swift; sourceTree = "<group>"; };
		215865EB29272990000FBDD8 /* PostCommentRepositoryType.swift */ = {isa = PBXFileReference; lastKnownFileType = sourcecode.swift; path = PostCommentRepositoryType.swift; sourceTree = "<group>"; };
		215865ED29272CA1000FBDD8 /* PostItemViewModel.swift */ = {isa = PBXFileReference; lastKnownFileType = sourcecode.swift; path = PostItemViewModel.swift; sourceTree = "<group>"; };
		215865EF29273406000FBDD8 /* CoreDataPostsResponseStorage.swift */ = {isa = PBXFileReference; lastKnownFileType = sourcecode.swift; path = CoreDataPostsResponseStorage.swift; sourceTree = "<group>"; };
		215865F22927364D000FBDD8 /* PostsRequest.swift */ = {isa = PBXFileReference; lastKnownFileType = sourcecode.swift; path = PostsRequest.swift; sourceTree = "<group>"; };
		215865F529273977000FBDD8 /* PostsResponseEntity+Mapping.swift */ = {isa = PBXFileReference; lastKnownFileType = sourcecode.swift; path = "PostsResponseEntity+Mapping.swift"; sourceTree = "<group>"; };
		215865FA2927C55F000FBDD8 /* SavedPostListViewModel.swift */ = {isa = PBXFileReference; lastKnownFileType = sourcecode.swift; path = SavedPostListViewModel.swift; sourceTree = "<group>"; };
		215865FC2927C5BF000FBDD8 /* ShowSavedPostsUseCase.swift */ = {isa = PBXFileReference; lastKnownFileType = sourcecode.swift; path = ShowSavedPostsUseCase.swift; sourceTree = "<group>"; };
		215865FE2927C822000FBDD8 /* SavedPostListRepositoryType.swift */ = {isa = PBXFileReference; lastKnownFileType = sourcecode.swift; path = SavedPostListRepositoryType.swift; sourceTree = "<group>"; };
		215866002927C902000FBDD8 /* SavedPostListRepository.swift */ = {isa = PBXFileReference; lastKnownFileType = sourcecode.swift; path = SavedPostListRepository.swift; sourceTree = "<group>"; };
		215866032927CB0B000FBDD8 /* SavedPostsResponseStorage.swift */ = {isa = PBXFileReference; lastKnownFileType = sourcecode.swift; path = SavedPostsResponseStorage.swift; sourceTree = "<group>"; };
		215866052927CB66000FBDD8 /* CoreDataSavedPostsResponseStorage.swift */ = {isa = PBXFileReference; lastKnownFileType = sourcecode.swift; path = CoreDataSavedPostsResponseStorage.swift; sourceTree = "<group>"; };
		215866072927E255000FBDD8 /* SavedPostDetailViewModel.swift */ = {isa = PBXFileReference; lastKnownFileType = sourcecode.swift; path = SavedPostDetailViewModel.swift; sourceTree = "<group>"; };
		2195C103293A517300A1E95A /* ErrorType.swift */ = {isa = PBXFileReference; lastKnownFileType = sourcecode.swift; path = ErrorType.swift; sourceTree = "<group>"; };
		2195C109293EA04600A1E95A /* ShowPostsUseCaseTests.swift */ = {isa = PBXFileReference; lastKnownFileType = sourcecode.swift; path = ShowPostsUseCaseTests.swift; sourceTree = "<group>"; };
		2195C10B293EA1AE00A1E95A /* CancellableMock.swift */ = {isa = PBXFileReference; lastKnownFileType = sourcecode.swift; path = CancellableMock.swift; sourceTree = "<group>"; };
		2195C10E293EA25000A1E95A /* ShowPostsUseCaseFailedMock.swift */ = {isa = PBXFileReference; lastKnownFileType = sourcecode.swift; path = ShowPostsUseCaseFailedMock.swift; sourceTree = "<group>"; };
		2195C111293EA40800A1E95A /* Fixture.swift */ = {isa = PBXFileReference; lastKnownFileType = sourcecode.swift; path = Fixture.swift; sourceTree = "<group>"; };
		219DF04D292AF5F500A7864F /* NetworkSessionManagerMock.swift */ = {isa = PBXFileReference; lastKnownFileType = sourcecode.swift; path = NetworkSessionManagerMock.swift; sourceTree = "<group>"; };
		21C67346292D118900279C28 /* PostListViewModelTests.swift */ = {isa = PBXFileReference; lastKnownFileType = sourcecode.swift; path = PostListViewModelTests.swift; sourceTree = "<group>"; };
		21D75A6729379B29008FD6BB /* SavedPostSceneDIContainer.swift */ = {isa = PBXFileReference; lastKnownFileType = sourcecode.swift; path = SavedPostSceneDIContainer.swift; sourceTree = "<group>"; };
		21D75A6A2937A406008FD6BB /* PostCoordinator.swift */ = {isa = PBXFileReference; lastKnownFileType = sourcecode.swift; path = PostCoordinator.swift; sourceTree = "<group>"; };
		21D75A6E2937AD58008FD6BB /* SavedPostCoordinator.swift */ = {isa = PBXFileReference; lastKnownFileType = sourcecode.swift; path = SavedPostCoordinator.swift; sourceTree = "<group>"; };
		21F31BF2292AE3AD0044600E /* DataTransferServiceTests.swift */ = {isa = PBXFileReference; lastKnownFileType = sourcecode.swift; path = DataTransferServiceTests.swift; sourceTree = "<group>"; };
		21F31BF7292AE4750044600E /* NetworkConfigurableMock.swift */ = {isa = PBXFileReference; lastKnownFileType = sourcecode.swift; path = NetworkConfigurableMock.swift; sourceTree = "<group>"; };
		21FEA430293FDF8800C010A0 /* TechTestUITests.xctest */ = {isa = PBXFileReference; explicitFileType = wrapper.cfbundle; includeInIndex = 0; path = TechTestUITests.xctest; sourceTree = BUILT_PRODUCTS_DIR; };
		21FEA432293FDF8800C010A0 /* TechTestUITests.swift */ = {isa = PBXFileReference; lastKnownFileType = sourcecode.swift; path = TechTestUITests.swift; sourceTree = "<group>"; };
		2DBA1E2729C46B346322DC92 /* Post.swift */ = {isa = PBXFileReference; fileEncoding = 4; lastKnownFileType = sourcecode.swift; path = Post.swift; sourceTree = "<group>"; };
		FA166B8125ED248300A85D66 /* TechTest.app */ = {isa = PBXFileReference; explicitFileType = wrapper.application; includeInIndex = 0; path = TechTest.app; sourceTree = BUILT_PRODUCTS_DIR; };
		FA166B8425ED248300A85D66 /* AppDelegate.swift */ = {isa = PBXFileReference; lastKnownFileType = sourcecode.swift; path = AppDelegate.swift; sourceTree = "<group>"; };
		FA166B8D25ED248300A85D66 /* Assets.xcassets */ = {isa = PBXFileReference; lastKnownFileType = folder.assetcatalog; path = Assets.xcassets; sourceTree = "<group>"; };
		FA166B9025ED248300A85D66 /* Base */ = {isa = PBXFileReference; lastKnownFileType = file.storyboard; name = Base; path = Base.lproj/LaunchScreen.storyboard; sourceTree = "<group>"; };
		FA166B9225ED248300A85D66 /* Info.plist */ = {isa = PBXFileReference; lastKnownFileType = text.plist.xml; path = Info.plist; sourceTree = "<group>"; };
		FA166B9725ED248400A85D66 /* TechTestTests.xctest */ = {isa = PBXFileReference; explicitFileType = wrapper.cfbundle; includeInIndex = 0; path = TechTestTests.xctest; sourceTree = BUILT_PRODUCTS_DIR; };
		FA166B9D25ED248400A85D66 /* Info.plist */ = {isa = PBXFileReference; lastKnownFileType = text.plist.xml; path = Info.plist; sourceTree = "<group>"; };
/* End PBXFileReference section */

/* Begin PBXFrameworksBuildPhase section */
		21FEA42D293FDF8800C010A0 /* Frameworks */ = {
			isa = PBXFrameworksBuildPhase;
			buildActionMask = 2147483647;
			files = (
			);
			runOnlyForDeploymentPostprocessing = 0;
		};
		FA166B7E25ED248300A85D66 /* Frameworks */ = {
			isa = PBXFrameworksBuildPhase;
			buildActionMask = 2147483647;
			files = (
			);
			runOnlyForDeploymentPostprocessing = 0;
		};
		FA166B9425ED248400A85D66 /* Frameworks */ = {
			isa = PBXFrameworksBuildPhase;
			buildActionMask = 2147483647;
			files = (
			);
			runOnlyForDeploymentPostprocessing = 0;
		};
/* End PBXFrameworksBuildPhase section */

/* Begin PBXGroup section */
		21090CC42936AB7A0031988D /* Support */ = {
			isa = PBXGroup;
			children = (
				2195C102293A515C00A1E95A /* ErrorType */,
				211E0A24293903BD00D56D4E /* LocalString */,
				215865C92926F531000FBDD8 /* CancellableType.swift */,
				21090CC52936AB8A0031988D /* Coordinator */,
			);
			path = Support;
			sourceTree = "<group>";
		};
		21090CC52936AB8A0031988D /* Coordinator */ = {
			isa = PBXGroup;
			children = (
				21090CC82936AF470031988D /* CoordinatorType.swift */,
			);
			path = Coordinator;
			sourceTree = "<group>";
		};
		210F85352925966600B0EDB1 /* Repository */ = {
			isa = PBXGroup;
			children = (
				215865CB2926F566000FBDD8 /* Utils */,
				210F85372925969800B0EDB1 /* PostListRepository.swift */,
				215866002927C902000FBDD8 /* SavedPostListRepository.swift */,
				215865D329270D66000FBDD8 /* PostDetailRepository.swift */,
				215865E929272965000FBDD8 /* PostCommentRepository.swift */,
			);
			path = Repository;
			sourceTree = "<group>";
		};
		210F8539292596C100B0EDB1 /* PersistentStorages */ = {
			isa = PBXGroup;
			children = (
				215866022927CAB5000FBDD8 /* SavedPostsResponseStorage */,
				210F854C2925ACC700B0EDB1 /* PostsResponseStorage */,
				210F853C2925983C00B0EDB1 /* CoreDataStorage */,
			);
			path = PersistentStorages;
			sourceTree = "<group>";
		};
		210F853C2925983C00B0EDB1 /* CoreDataStorage */ = {
			isa = PBXGroup;
			children = (
				210F853D2925985200B0EDB1 /* CoreDataStorage.swift */,
				210F85492925AC4500B0EDB1 /* CoreDataStorage.xcdatamodeld */,
			);
			path = CoreDataStorage;
			sourceTree = "<group>";
		};
		210F853F2925989F00B0EDB1 /* Infrastructure */ = {
			isa = PBXGroup;
			children = (
				210F8540292598C100B0EDB1 /* Network */,
			);
			path = Infrastructure;
			sourceTree = "<group>";
		};
		210F8540292598C100B0EDB1 /* Network */ = {
			isa = PBXGroup;
			children = (
				210F8541292598EE00B0EDB1 /* DataTransferService.swift */,
				210F85432925991600B0EDB1 /* NetworkService.swift */,
				210F85452925994000B0EDB1 /* Endpoint.swift */,
				210F8547292599D600B0EDB1 /* NetworkConfig.swift */,
			);
			path = Network;
			sourceTree = "<group>";
		};
		210F854C2925ACC700B0EDB1 /* PostsResponseStorage */ = {
			isa = PBXGroup;
			children = (
				210F853A2925970200B0EDB1 /* PostsResponseStorageType.swift */,
				215865EF29273406000FBDD8 /* CoreDataPostsResponseStorage.swift */,
				215865F42927395E000FBDD8 /* EntityMapping */,
			);
			path = PostsResponseStorage;
			sourceTree = "<group>";
		};
		210F854E2926734B00B0EDB1 /* Presentation */ = {
			isa = PBXGroup;
			children = (
				2198BCC32938F65A00172B9D /* Shared */,
				215865DB29271741000FBDD8 /* PostsScene */,
				21D75A6C2937AD26008FD6BB /* SavedPostScene */,
			);
			path = Presentation;
			sourceTree = "<group>";
		};
		210F854F2926738C00B0EDB1 /* PostList */ = {
			isa = PBXGroup;
			children = (
				210F8550292673B900B0EDB1 /* ViewModel */,
				215865AD2926B9DE000FBDD8 /* PostListContentView.swift */,
			);
			path = PostList;
			sourceTree = "<group>";
		};
		210F8550292673B900B0EDB1 /* ViewModel */ = {
			isa = PBXGroup;
			children = (
				210F8553292675B800B0EDB1 /* PostListViewModel.swift */,
				215865FA2927C55F000FBDD8 /* SavedPostListViewModel.swift */,
			);
			path = ViewModel;
			sourceTree = "<group>";
		};
		210F85522926758600B0EDB1 /* Cells */ = {
			isa = PBXGroup;
			children = (
				215865AF2926CA05000FBDD8 /* PostListItemView.swift */,
				215865ED29272CA1000FBDD8 /* PostItemViewModel.swift */,
			);
			path = Cells;
			sourceTree = "<group>";
		};
		210F855529267AA400B0EDB1 /* Domain */ = {
			isa = PBXGroup;
			children = (
				215865D529270DBE000FBDD8 /* Interfaces */,
				215865B62926DB86000FBDD8 /* UseCases */,
				210F855629267AA900B0EDB1 /* Entities */,
			);
			path = Domain;
			sourceTree = "<group>";
		};
		210F855629267AA900B0EDB1 /* Entities */ = {
			isa = PBXGroup;
			children = (
				2DBA1E2729C46B346322DC92 /* Post.swift */,
				215865E5292728B0000FBDD8 /* Comment.swift */,
			);
			path = Entities;
			sourceTree = "<group>";
		};
		211E0A24293903BD00D56D4E /* LocalString */ = {
			isa = PBXGroup;
			children = (
				211E0A25293903C800D56D4E /* LocalString.swift */,
				211E0A2C2939076500D56D4E /* CommonString.swift */,
				211E0A2B2939057B00D56D4E /* Localizable.strings */,
			);
			path = LocalString;
			sourceTree = "<group>";
		};
		215865B12926CEDE000FBDD8 /* PostDetail */ = {
			isa = PBXGroup;
			children = (
				215865CE29270A4C000FBDD8 /* ViewModel */,
				215865B22926CF00000FBDD8 /* PostDetailContentView.swift */,
			);
			path = PostDetail;
			sourceTree = "<group>";
		};
		215865B62926DB86000FBDD8 /* UseCases */ = {
			isa = PBXGroup;
			children = (
				215865B72926DC00000FBDD8 /* ShowPostsUseCase.swift */,
				215865FC2927C5BF000FBDD8 /* ShowSavedPostsUseCase.swift */,
				215865D129270BD1000FBDD8 /* ShowPostDetailUseCase.swift */,
				215865E729272900000FBDD8 /* ShowPostCommentUseCase.swift */,
			);
			path = UseCases;
			sourceTree = "<group>";
		};
		215865B92926E25A000FBDD8 /* Application */ = {
			isa = PBXGroup;
			children = (
				215865BC2926E3E4000FBDD8 /* DIContainer */,
				FA166B8425ED248300A85D66 /* AppDelegate.swift */,
				215865BA2926E266000FBDD8 /* AppConfiguration.swift */,
				21090CC62936ADE40031988D /* AppFlowCoordinator.swift */,
			);
			path = Application;
			sourceTree = "<group>";
		};
		215865BC2926E3E4000FBDD8 /* DIContainer */ = {
			isa = PBXGroup;
			children = (
				215865BD2926E3FC000FBDD8 /* AppDIContainer.swift */,
				215865BF2926E4F2000FBDD8 /* PostSceneDIContainer.swift */,
				21D75A6729379B29008FD6BB /* SavedPostSceneDIContainer.swift */,
			);
			path = DIContainer;
			sourceTree = "<group>";
		};
		215865CB2926F566000FBDD8 /* Utils */ = {
			isa = PBXGroup;
			children = (
				215865CC2926F571000FBDD8 /* RepositoryTask.swift */,
			);
			path = Utils;
			sourceTree = "<group>";
		};
		215865CE29270A4C000FBDD8 /* ViewModel */ = {
			isa = PBXGroup;
			children = (
				215865CF29270A5A000FBDD8 /* PostDetailViewModel.swift */,
				215866072927E255000FBDD8 /* SavedPostDetailViewModel.swift */,
			);
			path = ViewModel;
			sourceTree = "<group>";
		};
		215865D529270DBE000FBDD8 /* Interfaces */ = {
			isa = PBXGroup;
			children = (
				215865D829270DF5000FBDD8 /* PostListRepositoryType.swift */,
				215865FE2927C822000FBDD8 /* SavedPostListRepositoryType.swift */,
				215865D629270DD1000FBDD8 /* PostDetailRepositoryType.swift */,
				215865EB29272990000FBDD8 /* PostCommentRepositoryType.swift */,
			);
			path = Interfaces;
			sourceTree = "<group>";
		};
		215865DA29270E65000FBDD8 /* Network */ = {
			isa = PBXGroup;
			children = (
				215865F12927363A000FBDD8 /* DataMapping */,
				215865C12926F2B1000FBDD8 /* APIEndpoints.swift */,
			);
			path = Network;
			sourceTree = "<group>";
		};
		215865DB29271741000FBDD8 /* PostsScene */ = {
			isa = PBXGroup;
			children = (
				21D75A692937A3F9008FD6BB /* Flows */,
				215865DF292721BC000FBDD8 /* PostComment */,
			);
			path = PostsScene;
			sourceTree = "<group>";
		};
		215865DF292721BC000FBDD8 /* PostComment */ = {
			isa = PBXGroup;
			children = (
				215865E22927270B000FBDD8 /* ViewModel */,
				215865E029272236000FBDD8 /* PostCommentContentView.swift */,
			);
			path = PostComment;
			sourceTree = "<group>";
		};
		215865E22927270B000FBDD8 /* ViewModel */ = {
			isa = PBXGroup;
			children = (
				215865E32927276D000FBDD8 /* PostCommentViewModel.swift */,
			);
			path = ViewModel;
			sourceTree = "<group>";
		};
		215865F12927363A000FBDD8 /* DataMapping */ = {
			isa = PBXGroup;
			children = (
				215865F22927364D000FBDD8 /* PostsRequest.swift */,
				211E0A3029390FF200D56D4E /* CommentResponseDTO.swift */,
				211E0A32293911AF00D56D4E /* PostResponseDTO.swift */,
			);
			path = DataMapping;
			sourceTree = "<group>";
		};
		215865F42927395E000FBDD8 /* EntityMapping */ = {
			isa = PBXGroup;
			children = (
				215865F529273977000FBDD8 /* PostsResponseEntity+Mapping.swift */,
			);
			path = EntityMapping;
			sourceTree = "<group>";
		};
		215866022927CAB5000FBDD8 /* SavedPostsResponseStorage */ = {
			isa = PBXGroup;
			children = (
				215866032927CB0B000FBDD8 /* SavedPostsResponseStorage.swift */,
				215866052927CB66000FBDD8 /* CoreDataSavedPostsResponseStorage.swift */,
			);
			path = SavedPostsResponseStorage;
			sourceTree = "<group>";
		};
		2195C102293A515C00A1E95A /* ErrorType */ = {
			isa = PBXGroup;
			children = (
				2195C103293A517300A1E95A /* ErrorType.swift */,
			);
			path = ErrorType;
			sourceTree = "<group>";
		};
		2195C105293E9F7E00A1E95A /* Domain */ = {
			isa = PBXGroup;
			children = (
				2195C10D293EA24600A1E95A /* Mocks */,
				2195C106293E9F8600A1E95A /* UseCases */,
			);
			path = Domain;
			sourceTree = "<group>";
		};
		2195C106293E9F8600A1E95A /* UseCases */ = {
			isa = PBXGroup;
			children = (
				2195C109293EA04600A1E95A /* ShowPostsUseCaseTests.swift */,
			);
			path = UseCases;
			sourceTree = "<group>";
		};
		2195C107293E9F9400A1E95A /* Presentation */ = {
			isa = PBXGroup;
			children = (
				2195C108293E9F9C00A1E95A /* PostsScene */,
			);
			path = Presentation;
			sourceTree = "<group>";
		};
		2195C108293E9F9C00A1E95A /* PostsScene */ = {
			isa = PBXGroup;
			children = (
				21C67346292D118900279C28 /* PostListViewModelTests.swift */,
			);
			path = PostsScene;
			sourceTree = "<group>";
		};
		2195C10D293EA24600A1E95A /* Mocks */ = {
			isa = PBXGroup;
			children = (
				2195C10E293EA25000A1E95A /* ShowPostsUseCaseFailedMock.swift */,
			);
			path = Mocks;
			sourceTree = "<group>";
		};
		2195C110293EA3ED00A1E95A /* Fixture */ = {
			isa = PBXGroup;
			children = (
				2195C111293EA40800A1E95A /* Fixture.swift */,
			);
			path = Fixture;
			sourceTree = "<group>";
		};
		2198BCC32938F65A00172B9D /* Shared */ = {
			isa = PBXGroup;
			children = (
				210F85522926758600B0EDB1 /* Cells */,
				210F854F2926738C00B0EDB1 /* PostList */,
				215865B12926CEDE000FBDD8 /* PostDetail */,
			);
			path = Shared;
			sourceTree = "<group>";
		};
		21D75A692937A3F9008FD6BB /* Flows */ = {
			isa = PBXGroup;
			children = (
				21D75A6A2937A406008FD6BB /* PostCoordinator.swift */,
			);
			path = Flows;
			sourceTree = "<group>";
		};
		21D75A6C2937AD26008FD6BB /* SavedPostScene */ = {
			isa = PBXGroup;
			children = (
				21D75A6D2937AD3F008FD6BB /* Flows */,
			);
			path = SavedPostScene;
			sourceTree = "<group>";
		};
		21D75A6D2937AD3F008FD6BB /* Flows */ = {
			isa = PBXGroup;
			children = (
				21D75A6E2937AD58008FD6BB /* SavedPostCoordinator.swift */,
			);
			path = Flows;
			sourceTree = "<group>";
		};
		21F31BF4292AE4350044600E /* Infrastructure */ = {
			isa = PBXGroup;
			children = (
				21F31BF5292AE4480044600E /* Network */,
			);
			path = Infrastructure;
			sourceTree = "<group>";
		};
		21F31BF5292AE4480044600E /* Network */ = {
			isa = PBXGroup;
			children = (
				211E0A2E29390D3C00D56D4E /* NetworkServiceTests.swift */,
				21F31BF2292AE3AD0044600E /* DataTransferServiceTests.swift */,
				21F31BF6292AE4500044600E /* Mocks */,
			);
			path = Network;
			sourceTree = "<group>";
		};
		21F31BF6292AE4500044600E /* Mocks */ = {
			isa = PBXGroup;
			children = (
				21F31BF7292AE4750044600E /* NetworkConfigurableMock.swift */,
				219DF04D292AF5F500A7864F /* NetworkSessionManagerMock.swift */,
				2195C10B293EA1AE00A1E95A /* CancellableMock.swift */,
			);
			path = Mocks;
			sourceTree = "<group>";
		};
		21FEA431293FDF8800C010A0 /* TechTestUITests */ = {
			isa = PBXGroup;
			children = (
				21FEA432293FDF8800C010A0 /* TechTestUITests.swift */,
			);
			path = TechTestUITests;
			sourceTree = "<group>";
		};
		2DBA18BFDCA808CB37488B4D /* Data */ = {
			isa = PBXGroup;
			children = (
				210F85352925966600B0EDB1 /* Repository */,
				215865DA29270E65000FBDD8 /* Network */,
				210F8539292596C100B0EDB1 /* PersistentStorages */,
			);
			path = Data;
			sourceTree = "<group>";
		};
		FA166B7825ED248300A85D66 = {
			isa = PBXGroup;
			children = (
				FA166B8325ED248300A85D66 /* TechTest */,
				FA166B9A25ED248400A85D66 /* TechTestTests */,
				21FEA431293FDF8800C010A0 /* TechTestUITests */,
				FA166B8225ED248300A85D66 /* Products */,
			);
			sourceTree = "<group>";
		};
		FA166B8225ED248300A85D66 /* Products */ = {
			isa = PBXGroup;
			children = (
				FA166B8125ED248300A85D66 /* TechTest.app */,
				FA166B9725ED248400A85D66 /* TechTestTests.xctest */,
				21FEA430293FDF8800C010A0 /* TechTestUITests.xctest */,
			);
			name = Products;
			sourceTree = "<group>";
		};
		FA166B8325ED248300A85D66 /* TechTest */ = {
			isa = PBXGroup;
			children = (
				FA166B8D25ED248300A85D66 /* Assets.xcassets */,
				FA166B8F25ED248300A85D66 /* LaunchScreen.storyboard */,
				FA166B9225ED248300A85D66 /* Info.plist */,
				215865B92926E25A000FBDD8 /* Application */,
				21090CC42936AB7A0031988D /* Support */,
				210F855529267AA400B0EDB1 /* Domain */,
				210F854E2926734B00B0EDB1 /* Presentation */,
				2DBA18BFDCA808CB37488B4D /* Data */,
				210F853F2925989F00B0EDB1 /* Infrastructure */,
			);
			path = TechTest;
			sourceTree = "<group>";
		};
		FA166B9A25ED248400A85D66 /* TechTestTests */ = {
			isa = PBXGroup;
			children = (
				2195C110293EA3ED00A1E95A /* Fixture */,
				2195C107293E9F9400A1E95A /* Presentation */,
				2195C105293E9F7E00A1E95A /* Domain */,
				21F31BF4292AE4350044600E /* Infrastructure */,
				FA166B9D25ED248400A85D66 /* Info.plist */,
			);
			path = TechTestTests;
			sourceTree = "<group>";
		};
/* End PBXGroup section */

/* Begin PBXNativeTarget section */
		21FEA42F293FDF8800C010A0 /* TechTestUITests */ = {
			isa = PBXNativeTarget;
			buildConfigurationList = 21FEA43A293FDF8900C010A0 /* Build configuration list for PBXNativeTarget "TechTestUITests" */;
			buildPhases = (
				21FEA42C293FDF8800C010A0 /* Sources */,
				21FEA42D293FDF8800C010A0 /* Frameworks */,
				21FEA42E293FDF8800C010A0 /* Resources */,
			);
			buildRules = (
			);
			dependencies = (
				21FEA437293FDF8800C010A0 /* PBXTargetDependency */,
			);
			name = TechTestUITests;
			productName = TechTestUITests;
			productReference = 21FEA430293FDF8800C010A0 /* TechTestUITests.xctest */;
			productType = "com.apple.product-type.bundle.ui-testing";
		};
		FA166B8025ED248300A85D66 /* TechTest */ = {
			isa = PBXNativeTarget;
			buildConfigurationList = FA166BAB25ED248400A85D66 /* Build configuration list for PBXNativeTarget "TechTest" */;
			buildPhases = (
				FA166B7D25ED248300A85D66 /* Sources */,
				FA166B7E25ED248300A85D66 /* Frameworks */,
				FA166B7F25ED248300A85D66 /* Resources */,
			);
			buildRules = (
			);
			dependencies = (
			);
			name = TechTest;
			productName = TechTest;
			productReference = FA166B8125ED248300A85D66 /* TechTest.app */;
			productType = "com.apple.product-type.application";
		};
		FA166B9625ED248400A85D66 /* TechTestTests */ = {
			isa = PBXNativeTarget;
			buildConfigurationList = FA166BAE25ED248400A85D66 /* Build configuration list for PBXNativeTarget "TechTestTests" */;
			buildPhases = (
				FA166B9325ED248400A85D66 /* Sources */,
				FA166B9425ED248400A85D66 /* Frameworks */,
				FA166B9525ED248400A85D66 /* Resources */,
			);
			buildRules = (
			);
			dependencies = (
				FA166B9925ED248400A85D66 /* PBXTargetDependency */,
			);
			name = TechTestTests;
			productName = TechTestTests;
			productReference = FA166B9725ED248400A85D66 /* TechTestTests.xctest */;
			productType = "com.apple.product-type.bundle.unit-test";
		};
/* End PBXNativeTarget section */

/* Begin PBXProject section */
		FA166B7925ED248300A85D66 /* Project object */ = {
			isa = PBXProject;
			attributes = {
				LastSwiftUpdateCheck = 1400;
				LastUpgradeCheck = 1240;
				TargetAttributes = {
					21FEA42F293FDF8800C010A0 = {
						CreatedOnToolsVersion = 14.0;
						TestTargetID = FA166B8025ED248300A85D66;
					};
					FA166B8025ED248300A85D66 = {
						CreatedOnToolsVersion = 12.4;
					};
					FA166B9625ED248400A85D66 = {
						CreatedOnToolsVersion = 12.4;
						TestTargetID = FA166B8025ED248300A85D66;
					};
				};
			};
			buildConfigurationList = FA166B7C25ED248300A85D66 /* Build configuration list for PBXProject "TechTest" */;
			compatibilityVersion = "Xcode 9.3";
			developmentRegion = en;
			hasScannedForEncodings = 0;
			knownRegions = (
				en,
				Base,
			);
			mainGroup = FA166B7825ED248300A85D66;
			productRefGroup = FA166B8225ED248300A85D66 /* Products */;
			projectDirPath = "";
			projectRoot = "";
			targets = (
				FA166B8025ED248300A85D66 /* TechTest */,
				FA166B9625ED248400A85D66 /* TechTestTests */,
				21FEA42F293FDF8800C010A0 /* TechTestUITests */,
			);
		};
/* End PBXProject section */

/* Begin PBXResourcesBuildPhase section */
		21FEA42E293FDF8800C010A0 /* Resources */ = {
			isa = PBXResourcesBuildPhase;
			buildActionMask = 2147483647;
			files = (
			);
			runOnlyForDeploymentPostprocessing = 0;
		};
		FA166B7F25ED248300A85D66 /* Resources */ = {
			isa = PBXResourcesBuildPhase;
			buildActionMask = 2147483647;
			files = (
				FA166B9125ED248300A85D66 /* LaunchScreen.storyboard in Resources */,
				211E0A292939057B00D56D4E /* Localizable.strings in Resources */,
				FA166B8E25ED248300A85D66 /* Assets.xcassets in Resources */,
			);
			runOnlyForDeploymentPostprocessing = 0;
		};
		FA166B9525ED248400A85D66 /* Resources */ = {
			isa = PBXResourcesBuildPhase;
			buildActionMask = 2147483647;
			files = (
			);
			runOnlyForDeploymentPostprocessing = 0;
		};
/* End PBXResourcesBuildPhase section */

/* Begin PBXSourcesBuildPhase section */
		21FEA42C293FDF8800C010A0 /* Sources */ = {
			isa = PBXSourcesBuildPhase;
			buildActionMask = 2147483647;
			files = (
				21FEA433293FDF8800C010A0 /* TechTestUITests.swift in Sources */,
			);
			runOnlyForDeploymentPostprocessing = 0;
		};
		FA166B7D25ED248300A85D66 /* Sources */ = {
			isa = PBXSourcesBuildPhase;
			buildActionMask = 2147483647;
			files = (
				215865BB2926E266000FBDD8 /* AppConfiguration.swift in Sources */,
				215865EA29272965000FBDD8 /* PostCommentRepository.swift in Sources */,
				215865CA2926F532000FBDD8 /* CancellableType.swift in Sources */,
				215865CD2926F571000FBDD8 /* RepositoryTask.swift in Sources */,
				210F8554292675B800B0EDB1 /* PostListViewModel.swift in Sources */,
				215865EE29272CA1000FBDD8 /* PostItemViewModel.swift in Sources */,
				215865B82926DC00000FBDD8 /* ShowPostsUseCase.swift in Sources */,
				210F8548292599D600B0EDB1 /* NetworkConfig.swift in Sources */,
				215865B32926CF00000FBDD8 /* PostDetailContentView.swift in Sources */,
				215865D029270A5A000FBDD8 /* PostDetailViewModel.swift in Sources */,
				215865F32927364D000FBDD8 /* PostsRequest.swift in Sources */,
				21090CC72936ADE40031988D /* AppFlowCoordinator.swift in Sources */,
				215865AE2926B9DE000FBDD8 /* PostListContentView.swift in Sources */,
				215865FD2927C5BF000FBDD8 /* ShowSavedPostsUseCase.swift in Sources */,
				215865E42927276D000FBDD8 /* PostCommentViewModel.swift in Sources */,
				215865F629273977000FBDD8 /* PostsResponseEntity+Mapping.swift in Sources */,
				21D75A6B2937A406008FD6BB /* PostCoordinator.swift in Sources */,
				215865C22926F2B1000FBDD8 /* APIEndpoints.swift in Sources */,
				210F853E2925985200B0EDB1 /* CoreDataStorage.swift in Sources */,
				215866062927CB66000FBDD8 /* CoreDataSavedPostsResponseStorage.swift in Sources */,
				211E0A33293911AF00D56D4E /* PostResponseDTO.swift in Sources */,
				215866042927CB0B000FBDD8 /* SavedPostsResponseStorage.swift in Sources */,
				FA166B8525ED248300A85D66 /* AppDelegate.swift in Sources */,
				211E0A3129390FF200D56D4E /* CommentResponseDTO.swift in Sources */,
				2DBA14523B0FC3A3D13330EE /* Post.swift in Sources */,
				215865D729270DD1000FBDD8 /* PostDetailRepositoryType.swift in Sources */,
				215865E129272236000FBDD8 /* PostCommentContentView.swift in Sources */,
				215865D229270BD1000FBDD8 /* ShowPostDetailUseCase.swift in Sources */,
				210F85462925994000B0EDB1 /* Endpoint.swift in Sources */,
				215865F029273407000FBDD8 /* CoreDataPostsResponseStorage.swift in Sources */,
				2195C104293A517300A1E95A /* ErrorType.swift in Sources */,
				215865FB2927C55F000FBDD8 /* SavedPostListViewModel.swift in Sources */,
				210F854B2925AC4500B0EDB1 /* CoreDataStorage.xcdatamodeld in Sources */,
				210F8542292598EE00B0EDB1 /* DataTransferService.swift in Sources */,
				215865B02926CA05000FBDD8 /* PostListItemView.swift in Sources */,
				211E0A26293903C800D56D4E /* LocalString.swift in Sources */,
				21D75A6F2937AD58008FD6BB /* SavedPostCoordinator.swift in Sources */,
				215865FF2927C822000FBDD8 /* SavedPostListRepositoryType.swift in Sources */,
				210F85382925969800B0EDB1 /* PostListRepository.swift in Sources */,
				215865EC29272990000FBDD8 /* PostCommentRepositoryType.swift in Sources */,
				21D75A6829379B29008FD6BB /* SavedPostSceneDIContainer.swift in Sources */,
				211E0A2D2939076500D56D4E /* CommonString.swift in Sources */,
				215865BE2926E3FC000FBDD8 /* AppDIContainer.swift in Sources */,
				215865E6292728B0000FBDD8 /* Comment.swift in Sources */,
				21090CC92936AF470031988D /* CoordinatorType.swift in Sources */,
				215866012927C902000FBDD8 /* SavedPostListRepository.swift in Sources */,
				215866082927E255000FBDD8 /* SavedPostDetailViewModel.swift in Sources */,
				215865E829272900000FBDD8 /* ShowPostCommentUseCase.swift in Sources */,
				215865D929270DF5000FBDD8 /* PostListRepositoryType.swift in Sources */,
				215865D429270D66000FBDD8 /* PostDetailRepository.swift in Sources */,
				215865C02926E4F2000FBDD8 /* PostSceneDIContainer.swift in Sources */,
				210F85442925991600B0EDB1 /* NetworkService.swift in Sources */,
				210F853B2925970200B0EDB1 /* PostsResponseStorageType.swift in Sources */,
			);
			runOnlyForDeploymentPostprocessing = 0;
		};
		FA166B9325ED248400A85D66 /* Sources */ = {
			isa = PBXSourcesBuildPhase;
			buildActionMask = 2147483647;
			files = (
				2195C10A293EA04600A1E95A /* ShowPostsUseCaseTests.swift in Sources */,
				219DF04C292AEE8900A7864F /* Endpoint.swift in Sources */,
				2195C10C293EA1AE00A1E95A /* CancellableMock.swift in Sources */,
				219DF04B292AEDEE00A7864F /* DataTransferService.swift in Sources */,
				219DF04A292AEDA700A7864F /* NetworkService.swift in Sources */,
				2195C112293EA40800A1E95A /* Fixture.swift in Sources */,
				21F31BF8292AE4750044600E /* NetworkConfigurableMock.swift in Sources */,
				2195C10F293EA25000A1E95A /* ShowPostsUseCaseFailedMock.swift in Sources */,
				21F31BF3292AE3AD0044600E /* DataTransferServiceTests.swift in Sources */,
				219DF04E292AF5F500A7864F /* NetworkSessionManagerMock.swift in Sources */,
				21F31BF9292AE4EC0044600E /* NetworkConfig.swift in Sources */,
				211E0A2F29390D3C00D56D4E /* NetworkServiceTests.swift in Sources */,
				21C67347292D118900279C28 /* PostListViewModelTests.swift in Sources */,
			);
			runOnlyForDeploymentPostprocessing = 0;
		};
/* End PBXSourcesBuildPhase section */

/* Begin PBXTargetDependency section */
		21FEA437293FDF8800C010A0 /* PBXTargetDependency */ = {
			isa = PBXTargetDependency;
			target = FA166B8025ED248300A85D66 /* TechTest */;
			targetProxy = 21FEA436293FDF8800C010A0 /* PBXContainerItemProxy */;
		};
		FA166B9925ED248400A85D66 /* PBXTargetDependency */ = {
			isa = PBXTargetDependency;
			target = FA166B8025ED248300A85D66 /* TechTest */;
			targetProxy = FA166B9825ED248400A85D66 /* PBXContainerItemProxy */;
		};
/* End PBXTargetDependency section */

/* Begin PBXVariantGroup section */
		211E0A2B2939057B00D56D4E /* Localizable.strings */ = {
			isa = PBXVariantGroup;
			children = (
				211E0A2A2939057B00D56D4E /* en */,
			);
			name = Localizable.strings;
			sourceTree = "<group>";
		};
		FA166B8F25ED248300A85D66 /* LaunchScreen.storyboard */ = {
			isa = PBXVariantGroup;
			children = (
				FA166B9025ED248300A85D66 /* Base */,
			);
			name = LaunchScreen.storyboard;
			sourceTree = "<group>";
		};
/* End PBXVariantGroup section */

/* Begin XCBuildConfiguration section */
		21FEA438293FDF8800C010A0 /* Debug */ = {
			isa = XCBuildConfiguration;
			buildSettings = {
				CLANG_CXX_LANGUAGE_STANDARD = "gnu++20";
				CODE_SIGN_STYLE = Automatic;
				CURRENT_PROJECT_VERSION = 1;
				DEVELOPMENT_TEAM = 7QN4P34VRJ;
				GENERATE_INFOPLIST_FILE = YES;
				IPHONEOS_DEPLOYMENT_TARGET = 16.0;
				MARKETING_VERSION = 1.0;
				PRODUCT_BUNDLE_IDENTIFIER = owenkao.TechTestUITests;
				PRODUCT_NAME = "$(TARGET_NAME)";
				SWIFT_EMIT_LOC_STRINGS = NO;
				SWIFT_VERSION = 5.0;
				TARGETED_DEVICE_FAMILY = "1,2";
				TEST_TARGET_NAME = TechTest;
			};
			name = Debug;
		};
		21FEA439293FDF8800C010A0 /* Release */ = {
			isa = XCBuildConfiguration;
			buildSettings = {
				CLANG_CXX_LANGUAGE_STANDARD = "gnu++20";
				CODE_SIGN_STYLE = Automatic;
				CURRENT_PROJECT_VERSION = 1;
				DEVELOPMENT_TEAM = 7QN4P34VRJ;
				GENERATE_INFOPLIST_FILE = YES;
				IPHONEOS_DEPLOYMENT_TARGET = 16.0;
				MARKETING_VERSION = 1.0;
				PRODUCT_BUNDLE_IDENTIFIER = owenkao.TechTestUITests;
				PRODUCT_NAME = "$(TARGET_NAME)";
				SWIFT_EMIT_LOC_STRINGS = NO;
				SWIFT_VERSION = 5.0;
				TARGETED_DEVICE_FAMILY = "1,2";
				TEST_TARGET_NAME = TechTest;
			};
			name = Release;
		};
		FA166BA925ED248400A85D66 /* Debug */ = {
			isa = XCBuildConfiguration;
			buildSettings = {
				ALWAYS_SEARCH_USER_PATHS = NO;
				CLANG_ANALYZER_NONNULL = YES;
				CLANG_ANALYZER_NUMBER_OBJECT_CONVERSION = YES_AGGRESSIVE;
				CLANG_CXX_LANGUAGE_STANDARD = "gnu++14";
				CLANG_CXX_LIBRARY = "libc++";
				CLANG_ENABLE_MODULES = YES;
				CLANG_ENABLE_OBJC_ARC = YES;
				CLANG_ENABLE_OBJC_WEAK = YES;
				CLANG_WARN_BLOCK_CAPTURE_AUTORELEASING = YES;
				CLANG_WARN_BOOL_CONVERSION = YES;
				CLANG_WARN_COMMA = YES;
				CLANG_WARN_CONSTANT_CONVERSION = YES;
				CLANG_WARN_DEPRECATED_OBJC_IMPLEMENTATIONS = YES;
				CLANG_WARN_DIRECT_OBJC_ISA_USAGE = YES_ERROR;
				CLANG_WARN_DOCUMENTATION_COMMENTS = YES;
				CLANG_WARN_EMPTY_BODY = YES;
				CLANG_WARN_ENUM_CONVERSION = YES;
				CLANG_WARN_INFINITE_RECURSION = YES;
				CLANG_WARN_INT_CONVERSION = YES;
				CLANG_WARN_NON_LITERAL_NULL_CONVERSION = YES;
				CLANG_WARN_OBJC_IMPLICIT_RETAIN_SELF = YES;
				CLANG_WARN_OBJC_LITERAL_CONVERSION = YES;
				CLANG_WARN_OBJC_ROOT_CLASS = YES_ERROR;
				CLANG_WARN_QUOTED_INCLUDE_IN_FRAMEWORK_HEADER = YES;
				CLANG_WARN_RANGE_LOOP_ANALYSIS = YES;
				CLANG_WARN_STRICT_PROTOTYPES = YES;
				CLANG_WARN_SUSPICIOUS_MOVE = YES;
				CLANG_WARN_UNGUARDED_AVAILABILITY = YES_AGGRESSIVE;
				CLANG_WARN_UNREACHABLE_CODE = YES;
				CLANG_WARN__DUPLICATE_METHOD_MATCH = YES;
				COPY_PHASE_STRIP = NO;
				DEBUG_INFORMATION_FORMAT = dwarf;
				ENABLE_STRICT_OBJC_MSGSEND = YES;
				ENABLE_TESTABILITY = YES;
				GCC_C_LANGUAGE_STANDARD = gnu11;
				GCC_DYNAMIC_NO_PIC = NO;
				GCC_NO_COMMON_BLOCKS = YES;
				GCC_OPTIMIZATION_LEVEL = 0;
				GCC_PREPROCESSOR_DEFINITIONS = (
					"DEBUG=1",
					"$(inherited)",
				);
				GCC_WARN_64_TO_32_BIT_CONVERSION = YES;
				GCC_WARN_ABOUT_RETURN_TYPE = YES_ERROR;
				GCC_WARN_UNDECLARED_SELECTOR = YES;
				GCC_WARN_UNINITIALIZED_AUTOS = YES_AGGRESSIVE;
				GCC_WARN_UNUSED_FUNCTION = YES;
				GCC_WARN_UNUSED_VARIABLE = YES;
				IPHONEOS_DEPLOYMENT_TARGET = 14;
				MTL_ENABLE_DEBUG_INFO = INCLUDE_SOURCE;
				MTL_FAST_MATH = YES;
				ONLY_ACTIVE_ARCH = YES;
				SDKROOT = iphoneos;
				SWIFT_ACTIVE_COMPILATION_CONDITIONS = DEBUG;
				SWIFT_OPTIMIZATION_LEVEL = "-Onone";
			};
			name = Debug;
		};
		FA166BAA25ED248400A85D66 /* Release */ = {
			isa = XCBuildConfiguration;
			buildSettings = {
				ALWAYS_SEARCH_USER_PATHS = NO;
				CLANG_ANALYZER_NONNULL = YES;
				CLANG_ANALYZER_NUMBER_OBJECT_CONVERSION = YES_AGGRESSIVE;
				CLANG_CXX_LANGUAGE_STANDARD = "gnu++14";
				CLANG_CXX_LIBRARY = "libc++";
				CLANG_ENABLE_MODULES = YES;
				CLANG_ENABLE_OBJC_ARC = YES;
				CLANG_ENABLE_OBJC_WEAK = YES;
				CLANG_WARN_BLOCK_CAPTURE_AUTORELEASING = YES;
				CLANG_WARN_BOOL_CONVERSION = YES;
				CLANG_WARN_COMMA = YES;
				CLANG_WARN_CONSTANT_CONVERSION = YES;
				CLANG_WARN_DEPRECATED_OBJC_IMPLEMENTATIONS = YES;
				CLANG_WARN_DIRECT_OBJC_ISA_USAGE = YES_ERROR;
				CLANG_WARN_DOCUMENTATION_COMMENTS = YES;
				CLANG_WARN_EMPTY_BODY = YES;
				CLANG_WARN_ENUM_CONVERSION = YES;
				CLANG_WARN_INFINITE_RECURSION = YES;
				CLANG_WARN_INT_CONVERSION = YES;
				CLANG_WARN_NON_LITERAL_NULL_CONVERSION = YES;
				CLANG_WARN_OBJC_IMPLICIT_RETAIN_SELF = YES;
				CLANG_WARN_OBJC_LITERAL_CONVERSION = YES;
				CLANG_WARN_OBJC_ROOT_CLASS = YES_ERROR;
				CLANG_WARN_QUOTED_INCLUDE_IN_FRAMEWORK_HEADER = YES;
				CLANG_WARN_RANGE_LOOP_ANALYSIS = YES;
				CLANG_WARN_STRICT_PROTOTYPES = YES;
				CLANG_WARN_SUSPICIOUS_MOVE = YES;
				CLANG_WARN_UNGUARDED_AVAILABILITY = YES_AGGRESSIVE;
				CLANG_WARN_UNREACHABLE_CODE = YES;
				CLANG_WARN__DUPLICATE_METHOD_MATCH = YES;
				COPY_PHASE_STRIP = NO;
				DEBUG_INFORMATION_FORMAT = "dwarf-with-dsym";
				ENABLE_NS_ASSERTIONS = NO;
				ENABLE_STRICT_OBJC_MSGSEND = YES;
				GCC_C_LANGUAGE_STANDARD = gnu11;
				GCC_NO_COMMON_BLOCKS = YES;
				GCC_WARN_64_TO_32_BIT_CONVERSION = YES;
				GCC_WARN_ABOUT_RETURN_TYPE = YES_ERROR;
				GCC_WARN_UNDECLARED_SELECTOR = YES;
				GCC_WARN_UNINITIALIZED_AUTOS = YES_AGGRESSIVE;
				GCC_WARN_UNUSED_FUNCTION = YES;
				GCC_WARN_UNUSED_VARIABLE = YES;
				IPHONEOS_DEPLOYMENT_TARGET = 14;
				MTL_ENABLE_DEBUG_INFO = NO;
				MTL_FAST_MATH = YES;
				SDKROOT = iphoneos;
				SWIFT_COMPILATION_MODE = wholemodule;
				SWIFT_OPTIMIZATION_LEVEL = "-O";
				VALIDATE_PRODUCT = YES;
			};
			name = Release;
		};
		FA166BAC25ED248400A85D66 /* Debug */ = {
			isa = XCBuildConfiguration;
			buildSettings = {
				ASSETCATALOG_COMPILER_APPICON_NAME = AppIcon;
				ASSETCATALOG_COMPILER_GLOBAL_ACCENT_COLOR_NAME = AccentColor;
				CODE_SIGN_STYLE = Manual;
				DEVELOPMENT_TEAM = "";
				INFOPLIST_FILE = TechTest/Info.plist;
				LD_RUNPATH_SEARCH_PATHS = (
					"$(inherited)",
					"@executable_path/Frameworks",
				);
				PRODUCT_BUNDLE_IDENTIFIER = com.brighthr.TechTest;
				PRODUCT_NAME = "$(TARGET_NAME)";
				PROVISIONING_PROFILE_SPECIFIER = "";
				SWIFT_VERSION = 5.0;
				TARGETED_DEVICE_FAMILY = 1;
			};
			name = Debug;
		};
		FA166BAD25ED248400A85D66 /* Release */ = {
			isa = XCBuildConfiguration;
			buildSettings = {
				ASSETCATALOG_COMPILER_APPICON_NAME = AppIcon;
				ASSETCATALOG_COMPILER_GLOBAL_ACCENT_COLOR_NAME = AccentColor;
				CODE_SIGN_STYLE = Manual;
				DEVELOPMENT_TEAM = "";
				INFOPLIST_FILE = TechTest/Info.plist;
				LD_RUNPATH_SEARCH_PATHS = (
					"$(inherited)",
					"@executable_path/Frameworks",
				);
				PRODUCT_BUNDLE_IDENTIFIER = com.brighthr.TechTest;
				PRODUCT_NAME = "$(TARGET_NAME)";
				PROVISIONING_PROFILE_SPECIFIER = "";
				SWIFT_VERSION = 5.0;
				TARGETED_DEVICE_FAMILY = 1;
			};
			name = Release;
		};
		FA166BAF25ED248400A85D66 /* Debug */ = {
			isa = XCBuildConfiguration;
			buildSettings = {
				ALWAYS_EMBED_SWIFT_STANDARD_LIBRARIES = YES;
				BUNDLE_LOADER = "$(TEST_HOST)";
				CODE_SIGN_STYLE = Automatic;
				DEVELOPMENT_TEAM = 6265TAR63Y;
				INFOPLIST_FILE = TechTestTests/Info.plist;
				LD_RUNPATH_SEARCH_PATHS = (
					"$(inherited)",
					"@executable_path/Frameworks",
					"@loader_path/Frameworks",
				);
				PRODUCT_BUNDLE_IDENTIFIER = com.brighthr.TechTestTests;
				PRODUCT_NAME = "$(TARGET_NAME)";
				SWIFT_VERSION = 5.0;
				TARGETED_DEVICE_FAMILY = "1,2";
				TEST_HOST = "$(BUILT_PRODUCTS_DIR)/TechTest.app/TechTest";
			};
			name = Debug;
		};
		FA166BB025ED248400A85D66 /* Release */ = {
			isa = XCBuildConfiguration;
			buildSettings = {
				ALWAYS_EMBED_SWIFT_STANDARD_LIBRARIES = YES;
				BUNDLE_LOADER = "$(TEST_HOST)";
				CODE_SIGN_STYLE = Automatic;
				DEVELOPMENT_TEAM = 6265TAR63Y;
				INFOPLIST_FILE = TechTestTests/Info.plist;
				LD_RUNPATH_SEARCH_PATHS = (
					"$(inherited)",
					"@executable_path/Frameworks",
					"@loader_path/Frameworks",
				);
				PRODUCT_BUNDLE_IDENTIFIER = com.brighthr.TechTestTests;
				PRODUCT_NAME = "$(TARGET_NAME)";
				SWIFT_VERSION = 5.0;
				TARGETED_DEVICE_FAMILY = "1,2";
				TEST_HOST = "$(BUILT_PRODUCTS_DIR)/TechTest.app/TechTest";
			};
			name = Release;
		};
/* End XCBuildConfiguration section */

/* Begin XCConfigurationList section */
		21FEA43A293FDF8900C010A0 /* Build configuration list for PBXNativeTarget "TechTestUITests" */ = {
			isa = XCConfigurationList;
			buildConfigurations = (
				21FEA438293FDF8800C010A0 /* Debug */,
				21FEA439293FDF8800C010A0 /* Release */,
			);
			defaultConfigurationIsVisible = 0;
			defaultConfigurationName = Release;
		};
		FA166B7C25ED248300A85D66 /* Build configuration list for PBXProject "TechTest" */ = {
			isa = XCConfigurationList;
			buildConfigurations = (
				FA166BA925ED248400A85D66 /* Debug */,
				FA166BAA25ED248400A85D66 /* Release */,
			);
			defaultConfigurationIsVisible = 0;
			defaultConfigurationName = Release;
		};
		FA166BAB25ED248400A85D66 /* Build configuration list for PBXNativeTarget "TechTest" */ = {
			isa = XCConfigurationList;
			buildConfigurations = (
				FA166BAC25ED248400A85D66 /* Debug */,
				FA166BAD25ED248400A85D66 /* Release */,
			);
			defaultConfigurationIsVisible = 0;
			defaultConfigurationName = Release;
		};
		FA166BAE25ED248400A85D66 /* Build configuration list for PBXNativeTarget "TechTestTests" */ = {
			isa = XCConfigurationList;
			buildConfigurations = (
				FA166BAF25ED248400A85D66 /* Debug */,
				FA166BB025ED248400A85D66 /* Release */,
			);
			defaultConfigurationIsVisible = 0;
			defaultConfigurationName = Release;
		};
/* End XCConfigurationList section */

/* Begin XCVersionGroup section */
		210F85492925AC4500B0EDB1 /* CoreDataStorage.xcdatamodeld */ = {
			isa = XCVersionGroup;
			children = (
				210F854A2925AC4500B0EDB1 /* CoreDataStorage.xcdatamodel */,
			);
			currentVersion = 210F854A2925AC4500B0EDB1 /* CoreDataStorage.xcdatamodel */;
			path = CoreDataStorage.xcdatamodeld;
			sourceTree = "<group>";
			versionGroupType = wrapper.xcdatamodel;
		};
/* End XCVersionGroup section */
	};
	rootObject = FA166B7925ED248300A85D66 /* Project object */;
}
